
Microsoft Visual Studio Solution File, Format Version 12.00
# Visual Studio Version 17
VisualStudioVersion = 17.10.35027.167
MinimumVisualStudioVersion = 10.0.40219.1
Project("{FAE04EC0-301F-11D3-BF4B-00C04F79EFBC}") = "BlindBoxWebsite", "BlindBoxWebsite\BlindBoxWebsite.csproj", "{F03B8D47-A395-4CFB-8561-346D8408FEDB}"
EndProject
Global
	GlobalSection(SolutionConfigurationPlatforms) = preSolution
		Debug|Any CPU = Debug|Any CPU
		Release|Any CPU = Release|Any CPU
	EndGlobalSection
	GlobalSection(ProjectConfigurationPlatforms) = postSolution
		{F03B8D47-A395-4CFB-8561-346D8408FEDB}.Debug|Any CPU.ActiveCfg = Debug|Any CPU
		{F03B8D47-A395-4CFB-8561-346D8408FEDB}.Debug|Any CPU.Build.0 = Debug|Any CPU
		{F03B8D47-A395-4CFB-8561-346D8408FEDB}.Release|Any CPU.ActiveCfg = Release|Any CPU
		{F03B8D47-A395-4CFB-8561-346D8408FEDB}.Release|Any CPU.Build.0 = Release|Any CPU
	EndGlobalSection
	GlobalSection(SolutionProperties) = preSolution
		HideSolutionNode = FALSE
	EndGlobalSection
	GlobalSection(ExtensibilityGlobals) = postSolution
		SolutionGuid = {9705ED25-B3B1-4C1F-BE70-19BCE25C6123}
	EndGlobalSection
EndGlobal
